
Microsoft Visual Studio Solution File, Format Version 9.00
# Visual Studio 2005
Project("{8BC9CEB8-8B4A-11D0-8D11-00A0C91BC942}") = "etch", "etch\etch.vcproj", "{858504A1-BA1B-47B1-834A-4993B633F9A4}"
EndProject
Project("{2150E333-8FDC-42A3-9474-1A3956D46DE8}") = "xamples", "xamples", "{2DB68E23-7E57-4452-ADC2-D04797A03ED2}"
EndProject
Project("{2150E333-8FDC-42A3-9474-1A3956D46DE8}") = "solution items", "solution items", "{DCC674BF-DBE1-4698-876C-C6D4A268FBEF}"
	ProjectSection(SolutionItems) = preProject
		notes\todo.txt = notes\todo.txt
	EndProjectSection
EndProject
Project("{2150E333-8FDC-42A3-9474-1A3956D46DE8}") = "notes", "notes", "{26DD31E0-875A-44E7-9337-16691F60FC88}"
	ProjectSection(SolutionItems) = preProject
		notes\accepted.txt = notes\accepted.txt
		notes\array.txt = notes\array.txt
		notes\assignable.txt = notes\assignable.txt
		notes\clientsession.txt = notes\clientsession.txt
		debugnotes.txt = debugnotes.txt
		notes\packet.txt = notes\packet.txt
		notes\run.txt = notes\run.txt
		notes\servexe.txt = notes\servexe.txt
	EndProjectSection
EndProject
Project("{2150E333-8FDC-42A3-9474-1A3956D46DE8}") = "test", "test", "{02B7DD4B-4770-4C31-968F-6FC9778782DC}"
	ProjectSection(SolutionItems) = preProject
		test\test-readme-first.txt = test\test-readme-first.txt
	EndProjectSection
EndProject
Project("{2150E333-8FDC-42A3-9474-1A3956D46DE8}") = "common", "common", "{4870CCF9-A246-4981-B22B-A59FE65EC087}"
EndProject
Project("{2150E333-8FDC-42A3-9474-1A3956D46DE8}") = "message", "message", "{F7369390-5BAB-418C-823F-09E99AED521D}"
EndProject
Project("{2150E333-8FDC-42A3-9474-1A3956D46DE8}") = "support", "support", "{F2178333-ED41-45CE-BC08-122362330563}"
EndProject
Project("{2150E333-8FDC-42A3-9474-1A3956D46DE8}") = "transport", "transport", "{B273E98C-CCA4-49C4-A194-9EE529B800FF}"
EndProject
Project("{8BC9CEB8-8B4A-11D0-8D11-00A0C91BC942}") = "test_allocator", "test\test_allocator\test_allocator.vcproj", "{9D561956-7962-45B7-9DFE-E3A114534CC7}"
	ProjectSection(ProjectDependencies) = postProject
		{858504A1-BA1B-47B1-834A-4993B633F9A4} = {858504A1-BA1B-47B1-834A-4993B633F9A4}
	EndProjectSection
EndProject
Project("{8BC9CEB8-8B4A-11D0-8D11-00A0C91BC942}") = "test_arraylist", "test\test_arraylist\test_arraylist.vcproj", "{84DED881-0E5C-4218-B981-4F9D2E9448CA}"
EndProject
Project("{8BC9CEB8-8B4A-11D0-8D11-00A0C91BC942}") = "test_assignment", "test\test_assignment\test_assignment.vcproj", "{42A0BA98-B199-4CA0-AA59-6EDFF376E193}"
EndProject
Project("{8BC9CEB8-8B4A-11D0-8D11-00A0C91BC942}") = "test_cache", "test\test_cache\test_cache.vcproj", "{5504E4BC-AA75-45F8-A8B4-060CE1B2E3AE}"
EndProject
Project("{8BC9CEB8-8B4A-11D0-8D11-00A0C91BC942}") = "test_etchobject", "test\test_etchobject\test_etchobject.vcproj", "{40FDF4B3-2C70-4213-819A-71ECBCC8CAF1}"
EndProject
Project("{8BC9CEB8-8B4A-11D0-8D11-00A0C91BC942}") = "test_flexbuf", "test\test_flexbuf\test_flexbuf.vcproj", "{8EBC71B4-992B-48C3-BAE0-2B00EB9DE2EB}"
EndProject
Project("{8BC9CEB8-8B4A-11D0-8D11-00A0C91BC942}") = "test_hashing", "test\test_hashing\test_hashing.vcproj", "{76BBAC3B-168E-4C52-9774-818730886537}"
EndProject
Project("{8BC9CEB8-8B4A-11D0-8D11-00A0C91BC942}") = "test_hashtable", "test\test_hashtable\test_hashtable.vcproj", "{0129BDDD-C6EA-42B4-8941-C4D5281643D9}"
EndProject
Project("{8BC9CEB8-8B4A-11D0-8D11-00A0C91BC942}") = "test_iterator", "test\test_iterator\test_iterator.vcproj", "{76B6EFEF-0C29-46C1-BEC8-9378847BBA86}"
EndProject
Project("{8BC9CEB8-8B4A-11D0-8D11-00A0C91BC942}") = "test_arrayvalue", "test\test_arrayvalue\test_arrayvalue.vcproj", "{B1A0942D-9C49-4339-8CD8-A790D3AE573C}"
EndProject
Project("{8BC9CEB8-8B4A-11D0-8D11-00A0C91BC942}") = "test_binarytditdo", "test\test_binarytditdo\test_binarytditdo.vcproj", "{ADA0E60B-5592-44E3-8822-B392368776CB}"
EndProject
Project("{8BC9CEB8-8B4A-11D0-8D11-00A0C91BC942}") = "test_defvalufact", "test\test_defvalufact\test_defvalufact.vcproj", "{ADDAC8DC-1E51-42DF-A81A-1775C7DBDF1D}"
EndProject
Project("{8BC9CEB8-8B4A-11D0-8D11-00A0C91BC942}") = "test_field", "test\test_field\test_field.vcproj", "{45DA3528-D67B-4564-93C0-AE5682AFD5B8}"
EndProject
Project("{8BC9CEB8-8B4A-11D0-8D11-00A0C91BC942}") = "test_idname", "test\test_idname\test_idname.vcproj", "{1DB7CDAF-62A1-425D-BC66-B7F4600637DA}"
EndProject
Project("{8BC9CEB8-8B4A-11D0-8D11-00A0C91BC942}") = "test_message", "test\test_message\test_message.vcproj", "{0CAE3F5A-F353-4C9F-BCFE-E63B9E05C046}"
EndProject
Project("{8BC9CEB8-8B4A-11D0-8D11-00A0C91BC942}") = "test_structvalue", "test\test_structvalue\test_structvalue.vcproj", "{0403656D-FE78-46AE-B7CF-5A42D3B1DDBC}"
EndProject
Project("{8BC9CEB8-8B4A-11D0-8D11-00A0C91BC942}") = "test_type", "test\test_type\test_type.vcproj", "{98FA4624-86A2-40D5-B225-0ED6B8B05ECA}"
	ProjectSection(ProjectDependencies) = postProject
		{858504A1-BA1B-47B1-834A-4993B633F9A4} = {858504A1-BA1B-47B1-834A-4993B633F9A4}
	EndProjectSection
EndProject
Project("{8BC9CEB8-8B4A-11D0-8D11-00A0C91BC942}") = "test_validator", "test\test_validator\test_validator.vcproj", "{EB6BFFFB-AFD9-4261-A18E-DA5B77C05045}"
EndProject
Project("{8BC9CEB8-8B4A-11D0-8D11-00A0C91BC942}") = "test_stub", "test\test_stub\test_stub.vcproj", "{328CE2CF-B2C7-4236-9BC7-304FEB8C7282}"
	ProjectSection(ProjectDependencies) = postProject
		{858504A1-BA1B-47B1-834A-4993B633F9A4} = {858504A1-BA1B-47B1-834A-4993B633F9A4}
	EndProjectSection
EndProject
Project("{8BC9CEB8-8B4A-11D0-8D11-00A0C91BC942}") = "test_mailboxmgr", "test\test_mailboxmgr\test_mailboxmgr.vcproj", "{F6E6F8C0-5A0B-45EE-B9E1-DABA41EA222B}"
EndProject
Project("{8BC9CEB8-8B4A-11D0-8D11-00A0C91BC942}") = "test_messagizer", "test\test_messagizer\test_messagizer.vcproj", "{262CF558-3BF6-4618-8DEE-1D0CB2B86221}"
EndProject
Project("{8BC9CEB8-8B4A-11D0-8D11-00A0C91BC942}") = "test_packetizer", "test\test_packetizer\test_packetizer.vcproj", "{389AFED9-BBC0-40DA-B404-02B97F12CE17}"
EndProject
Project("{8BC9CEB8-8B4A-11D0-8D11-00A0C91BC942}") = "test_plainmailbox", "test\test_plainmailbox\test_plainmailbox.vcproj", "{6C336037-08B2-4AA3-A11B-5613753F036D}"
	ProjectSection(ProjectDependencies) = postProject
		{858504A1-BA1B-47B1-834A-4993B633F9A4} = {858504A1-BA1B-47B1-834A-4993B633F9A4}
	EndProjectSection
EndProject
Project("{8BC9CEB8-8B4A-11D0-8D11-00A0C91BC942}") = "test_queue", "test\test_queue\test_queue.vcproj", "{49F868CF-15AA-418C-A63F-76DD6DED477E}"
EndProject
Project("{8BC9CEB8-8B4A-11D0-8D11-00A0C91BC942}") = "test_tcpconn", "test\test_tcpconn\test_tcpconn.vcproj", "{BA19E78D-4C03-4751-9538-42482BECFBD9}"
	ProjectSection(ProjectDependencies) = postProject
		{858504A1-BA1B-47B1-834A-4993B633F9A4} = {858504A1-BA1B-47B1-834A-4993B633F9A4}
	EndProjectSection
EndProject
Project("{8BC9CEB8-8B4A-11D0-8D11-00A0C91BC942}") = "test_threadpool", "test\test_threadpool\test_threadpool.vcproj", "{55786A73-E53B-4AAA-B59E-E44A972B23B6}"
EndProject
Project("{8BC9CEB8-8B4A-11D0-8D11-00A0C91BC942}") = "test_transport", "test\test_transport\test_transport.vcproj", "{EC735A75-FB7A-42A5-BB8F-2656EECC3239}"
EndProject
Project("{8BC9CEB8-8B4A-11D0-8D11-00A0C91BC942}") = "test_url", "test\test_url\test_url.vcproj", "{C0B217EF-184F-4130-9379-0E2EC23830BA}"
EndProject
Project("{2150E333-8FDC-42A3-9474-1A3956D46DE8}") = "xmpl_perf", "xmpl_perf", "{B5E41AA2-E7EB-46B5-B647-7444B4C93B06}"
EndProject
Project("{8BC9CEB8-8B4A-11D0-8D11-00A0C91BC942}") = "xmpl_perf_client", "xamples\xmpl_perf\xmpl_perf_client\xmpl_perf_client.vcproj", "{DE24F3F4-A5CB-43DE-9187-6F1846CB5A15}"
	ProjectSection(ProjectDependencies) = postProject
		{FE0F6ED2-5880-4FB8-9C62-917BE97712D5} = {FE0F6ED2-5880-4FB8-9C62-917BE97712D5}
	EndProjectSection
EndProject
Project("{8BC9CEB8-8B4A-11D0-8D11-00A0C91BC942}") = "xmpl_perf_server", "xamples\xmpl_perf\xmpl_perf_server\xmpl_perf_server.vcproj", "{D5EF8211-999C-4FB5-9218-DDCFD51D0611}"
	ProjectSection(ProjectDependencies) = postProject
		{FE0F6ED2-5880-4FB8-9C62-917BE97712D5} = {FE0F6ED2-5880-4FB8-9C62-917BE97712D5}
	EndProjectSection
EndProject
Project("{8BC9CEB8-8B4A-11D0-8D11-00A0C91BC942}") = "test_remote", "test\test_remote\test_remote.vcproj", "{45456E09-7986-4697-ACEE-A717148636B1}"
EndProject
Project("{8BC9CEB8-8B4A-11D0-8D11-00A0C91BC942}") = "$etchstop", "$etchstop\$etchstop.vcproj", "{F6652EA0-E9D5-4BBF-A31E-650F79163D0B}"
EndProject
Project("{8BC9CEB8-8B4A-11D0-8D11-00A0C91BC942}") = "xmpl_perflib", "xamples\xmpl_perf\xmpl_perflib\xmpl_perflib.vcproj", "{FE0F6ED2-5880-4FB8-9C62-917BE97712D5}"
	ProjectSection(ProjectDependencies) = postProject
		{858504A1-BA1B-47B1-834A-4993B633F9A4} = {858504A1-BA1B-47B1-834A-4993B633F9A4}
	EndProjectSection
EndProject
Global
	GlobalSection(SolutionConfigurationPlatforms) = preSolution
		Debug|Win32 = Debug|Win32
		Release|Win32 = Release|Win32
	EndGlobalSection
	GlobalSection(ProjectConfigurationPlatforms) = postSolution
		{858504A1-BA1B-47B1-834A-4993B633F9A4}.Debug|Win32.ActiveCfg = Debug|Win32
		{858504A1-BA1B-47B1-834A-4993B633F9A4}.Debug|Win32.Build.0 = Debug|Win32
		{858504A1-BA1B-47B1-834A-4993B633F9A4}.Release|Win32.ActiveCfg = Release|Win32
		{858504A1-BA1B-47B1-834A-4993B633F9A4}.Release|Win32.Build.0 = Release|Win32
		{9D561956-7962-45B7-9DFE-E3A114534CC7}.Debug|Win32.ActiveCfg = Debug|Win32
		{9D561956-7962-45B7-9DFE-E3A114534CC7}.Debug|Win32.Build.0 = Debug|Win32
		{9D561956-7962-45B7-9DFE-E3A114534CC7}.Release|Win32.ActiveCfg = Release|Win32
		{9D561956-7962-45B7-9DFE-E3A114534CC7}.Release|Win32.Build.0 = Release|Win32
		{84DED881-0E5C-4218-B981-4F9D2E9448CA}.Debug|Win32.ActiveCfg = Debug|Win32
		{84DED881-0E5C-4218-B981-4F9D2E9448CA}.Debug|Win32.Build.0 = Debug|Win32
		{84DED881-0E5C-4218-B981-4F9D2E9448CA}.Release|Win32.ActiveCfg = Release|Win32
		{84DED881-0E5C-4218-B981-4F9D2E9448CA}.Release|Win32.Build.0 = Release|Win32
		{42A0BA98-B199-4CA0-AA59-6EDFF376E193}.Debug|Win32.ActiveCfg = Debug|Win32
		{42A0BA98-B199-4CA0-AA59-6EDFF376E193}.Debug|Win32.Build.0 = Debug|Win32
		{42A0BA98-B199-4CA0-AA59-6EDFF376E193}.Release|Win32.ActiveCfg = Release|Win32
		{42A0BA98-B199-4CA0-AA59-6EDFF376E193}.Release|Win32.Build.0 = Release|Win32
		{5504E4BC-AA75-45F8-A8B4-060CE1B2E3AE}.Debug|Win32.ActiveCfg = Debug|Win32
		{5504E4BC-AA75-45F8-A8B4-060CE1B2E3AE}.Debug|Win32.Build.0 = Debug|Win32
		{5504E4BC-AA75-45F8-A8B4-060CE1B2E3AE}.Release|Win32.ActiveCfg = Release|Win32
		{5504E4BC-AA75-45F8-A8B4-060CE1B2E3AE}.Release|Win32.Build.0 = Release|Win32
		{40FDF4B3-2C70-4213-819A-71ECBCC8CAF1}.Debug|Win32.ActiveCfg = Debug|Win32
		{40FDF4B3-2C70-4213-819A-71ECBCC8CAF1}.Debug|Win32.Build.0 = Debug|Win32
		{40FDF4B3-2C70-4213-819A-71ECBCC8CAF1}.Release|Win32.ActiveCfg = Release|Win32
		{40FDF4B3-2C70-4213-819A-71ECBCC8CAF1}.Release|Win32.Build.0 = Release|Win32
		{8EBC71B4-992B-48C3-BAE0-2B00EB9DE2EB}.Debug|Win32.ActiveCfg = Debug|Win32
		{8EBC71B4-992B-48C3-BAE0-2B00EB9DE2EB}.Debug|Win32.Build.0 = Debug|Win32
		{8EBC71B4-992B-48C3-BAE0-2B00EB9DE2EB}.Release|Win32.ActiveCfg = Release|Win32
		{8EBC71B4-992B-48C3-BAE0-2B00EB9DE2EB}.Release|Win32.Build.0 = Release|Win32
		{76BBAC3B-168E-4C52-9774-818730886537}.Debug|Win32.ActiveCfg = Debug|Win32
		{76BBAC3B-168E-4C52-9774-818730886537}.Debug|Win32.Build.0 = Debug|Win32
		{76BBAC3B-168E-4C52-9774-818730886537}.Release|Win32.ActiveCfg = Release|Win32
		{76BBAC3B-168E-4C52-9774-818730886537}.Release|Win32.Build.0 = Release|Win32
		{0129BDDD-C6EA-42B4-8941-C4D5281643D9}.Debug|Win32.ActiveCfg = Debug|Win32
		{0129BDDD-C6EA-42B4-8941-C4D5281643D9}.Debug|Win32.Build.0 = Debug|Win32
		{0129BDDD-C6EA-42B4-8941-C4D5281643D9}.Release|Win32.ActiveCfg = Release|Win32
		{0129BDDD-C6EA-42B4-8941-C4D5281643D9}.Release|Win32.Build.0 = Release|Win32
		{76B6EFEF-0C29-46C1-BEC8-9378847BBA86}.Debug|Win32.ActiveCfg = Debug|Win32
		{76B6EFEF-0C29-46C1-BEC8-9378847BBA86}.Debug|Win32.Build.0 = Debug|Win32
		{76B6EFEF-0C29-46C1-BEC8-9378847BBA86}.Release|Win32.ActiveCfg = Release|Win32
		{76B6EFEF-0C29-46C1-BEC8-9378847BBA86}.Release|Win32.Build.0 = Release|Win32
		{B1A0942D-9C49-4339-8CD8-A790D3AE573C}.Debug|Win32.ActiveCfg = Debug|Win32
		{B1A0942D-9C49-4339-8CD8-A790D3AE573C}.Debug|Win32.Build.0 = Debug|Win32
		{B1A0942D-9C49-4339-8CD8-A790D3AE573C}.Release|Win32.ActiveCfg = Release|Win32
		{B1A0942D-9C49-4339-8CD8-A790D3AE573C}.Release|Win32.Build.0 = Release|Win32
		{ADA0E60B-5592-44E3-8822-B392368776CB}.Debug|Win32.ActiveCfg = Debug|Win32
		{ADA0E60B-5592-44E3-8822-B392368776CB}.Debug|Win32.Build.0 = Debug|Win32
		{ADA0E60B-5592-44E3-8822-B392368776CB}.Release|Win32.ActiveCfg = Release|Win32
		{ADA0E60B-5592-44E3-8822-B392368776CB}.Release|Win32.Build.0 = Release|Win32
		{ADDAC8DC-1E51-42DF-A81A-1775C7DBDF1D}.Debug|Win32.ActiveCfg = Debug|Win32
		{ADDAC8DC-1E51-42DF-A81A-1775C7DBDF1D}.Debug|Win32.Build.0 = Debug|Win32
		{ADDAC8DC-1E51-42DF-A81A-1775C7DBDF1D}.Release|Win32.ActiveCfg = Release|Win32
		{ADDAC8DC-1E51-42DF-A81A-1775C7DBDF1D}.Release|Win32.Build.0 = Release|Win32
		{45DA3528-D67B-4564-93C0-AE5682AFD5B8}.Debug|Win32.ActiveCfg = Debug|Win32
		{45DA3528-D67B-4564-93C0-AE5682AFD5B8}.Debug|Win32.Build.0 = Debug|Win32
		{45DA3528-D67B-4564-93C0-AE5682AFD5B8}.Release|Win32.ActiveCfg = Release|Win32
		{45DA3528-D67B-4564-93C0-AE5682AFD5B8}.Release|Win32.Build.0 = Release|Win32
		{1DB7CDAF-62A1-425D-BC66-B7F4600637DA}.Debug|Win32.ActiveCfg = Debug|Win32
		{1DB7CDAF-62A1-425D-BC66-B7F4600637DA}.Debug|Win32.Build.0 = Debug|Win32
		{1DB7CDAF-62A1-425D-BC66-B7F4600637DA}.Release|Win32.ActiveCfg = Release|Win32
		{1DB7CDAF-62A1-425D-BC66-B7F4600637DA}.Release|Win32.Build.0 = Release|Win32
		{0CAE3F5A-F353-4C9F-BCFE-E63B9E05C046}.Debug|Win32.ActiveCfg = Debug|Win32
		{0CAE3F5A-F353-4C9F-BCFE-E63B9E05C046}.Debug|Win32.Build.0 = Debug|Win32
		{0CAE3F5A-F353-4C9F-BCFE-E63B9E05C046}.Release|Win32.ActiveCfg = Release|Win32
		{0CAE3F5A-F353-4C9F-BCFE-E63B9E05C046}.Release|Win32.Build.0 = Release|Win32
		{0403656D-FE78-46AE-B7CF-5A42D3B1DDBC}.Debug|Win32.ActiveCfg = Debug|Win32
		{0403656D-FE78-46AE-B7CF-5A42D3B1DDBC}.Debug|Win32.Build.0 = Debug|Win32
		{0403656D-FE78-46AE-B7CF-5A42D3B1DDBC}.Release|Win32.ActiveCfg = Release|Win32
		{0403656D-FE78-46AE-B7CF-5A42D3B1DDBC}.Release|Win32.Build.0 = Release|Win32
		{98FA4624-86A2-40D5-B225-0ED6B8B05ECA}.Debug|Win32.ActiveCfg = Debug|Win32
		{98FA4624-86A2-40D5-B225-0ED6B8B05ECA}.Debug|Win32.Build.0 = Debug|Win32
		{98FA4624-86A2-40D5-B225-0ED6B8B05ECA}.Release|Win32.ActiveCfg = Release|Win32
		{98FA4624-86A2-40D5-B225-0ED6B8B05ECA}.Release|Win32.Build.0 = Release|Win32
		{EB6BFFFB-AFD9-4261-A18E-DA5B77C05045}.Debug|Win32.ActiveCfg = Debug|Win32
		{EB6BFFFB-AFD9-4261-A18E-DA5B77C05045}.Debug|Win32.Build.0 = Debug|Win32
		{EB6BFFFB-AFD9-4261-A18E-DA5B77C05045}.Release|Win32.ActiveCfg = Release|Win32
		{EB6BFFFB-AFD9-4261-A18E-DA5B77C05045}.Release|Win32.Build.0 = Release|Win32
		{328CE2CF-B2C7-4236-9BC7-304FEB8C7282}.Debug|Win32.ActiveCfg = Debug|Win32
		{328CE2CF-B2C7-4236-9BC7-304FEB8C7282}.Debug|Win32.Build.0 = Debug|Win32
		{328CE2CF-B2C7-4236-9BC7-304FEB8C7282}.Release|Win32.ActiveCfg = Release|Win32
		{328CE2CF-B2C7-4236-9BC7-304FEB8C7282}.Release|Win32.Build.0 = Release|Win32
		{F6E6F8C0-5A0B-45EE-B9E1-DABA41EA222B}.Debug|Win32.ActiveCfg = Debug|Win32
		{F6E6F8C0-5A0B-45EE-B9E1-DABA41EA222B}.Debug|Win32.Build.0 = Debug|Win32
		{F6E6F8C0-5A0B-45EE-B9E1-DABA41EA222B}.Release|Win32.ActiveCfg = Release|Win32
		{F6E6F8C0-5A0B-45EE-B9E1-DABA41EA222B}.Release|Win32.Build.0 = Release|Win32
		{262CF558-3BF6-4618-8DEE-1D0CB2B86221}.Debug|Win32.ActiveCfg = Debug|Win32
		{262CF558-3BF6-4618-8DEE-1D0CB2B86221}.Debug|Win32.Build.0 = Debug|Win32
		{262CF558-3BF6-4618-8DEE-1D0CB2B86221}.Release|Win32.ActiveCfg = Release|Win32
		{262CF558-3BF6-4618-8DEE-1D0CB2B86221}.Release|Win32.Build.0 = Release|Win32
		{389AFED9-BBC0-40DA-B404-02B97F12CE17}.Debug|Win32.ActiveCfg = Debug|Win32
		{389AFED9-BBC0-40DA-B404-02B97F12CE17}.Debug|Win32.Build.0 = Debug|Win32
		{389AFED9-BBC0-40DA-B404-02B97F12CE17}.Release|Win32.ActiveCfg = Release|Win32
		{389AFED9-BBC0-40DA-B404-02B97F12CE17}.Release|Win32.Build.0 = Release|Win32
		{6C336037-08B2-4AA3-A11B-5613753F036D}.Debug|Win32.ActiveCfg = Debug|Win32
		{6C336037-08B2-4AA3-A11B-5613753F036D}.Debug|Win32.Build.0 = Debug|Win32
		{6C336037-08B2-4AA3-A11B-5613753F036D}.Release|Win32.ActiveCfg = Release|Win32
		{6C336037-08B2-4AA3-A11B-5613753F036D}.Release|Win32.Build.0 = Release|Win32
		{49F868CF-15AA-418C-A63F-76DD6DED477E}.Debug|Win32.ActiveCfg = Debug|Win32
		{49F868CF-15AA-418C-A63F-76DD6DED477E}.Debug|Win32.Build.0 = Debug|Win32
		{49F868CF-15AA-418C-A63F-76DD6DED477E}.Release|Win32.ActiveCfg = Release|Win32
		{49F868CF-15AA-418C-A63F-76DD6DED477E}.Release|Win32.Build.0 = Release|Win32
		{BA19E78D-4C03-4751-9538-42482BECFBD9}.Debug|Win32.ActiveCfg = Debug|Win32
		{BA19E78D-4C03-4751-9538-42482BECFBD9}.Debug|Win32.Build.0 = Debug|Win32
		{BA19E78D-4C03-4751-9538-42482BECFBD9}.Release|Win32.ActiveCfg = Release|Win32
		{BA19E78D-4C03-4751-9538-42482BECFBD9}.Release|Win32.Build.0 = Release|Win32
		{55786A73-E53B-4AAA-B59E-E44A972B23B6}.Debug|Win32.ActiveCfg = Debug|Win32
		{55786A73-E53B-4AAA-B59E-E44A972B23B6}.Debug|Win32.Build.0 = Debug|Win32
		{55786A73-E53B-4AAA-B59E-E44A972B23B6}.Release|Win32.ActiveCfg = Release|Win32
		{55786A73-E53B-4AAA-B59E-E44A972B23B6}.Release|Win32.Build.0 = Release|Win32
		{EC735A75-FB7A-42A5-BB8F-2656EECC3239}.Debug|Win32.ActiveCfg = Debug|Win32
		{EC735A75-FB7A-42A5-BB8F-2656EECC3239}.Debug|Win32.Build.0 = Debug|Win32
		{EC735A75-FB7A-42A5-BB8F-2656EECC3239}.Release|Win32.ActiveCfg = Release|Win32
		{EC735A75-FB7A-42A5-BB8F-2656EECC3239}.Release|Win32.Build.0 = Release|Win32
		{C0B217EF-184F-4130-9379-0E2EC23830BA}.Debug|Win32.ActiveCfg = Debug|Win32
		{C0B217EF-184F-4130-9379-0E2EC23830BA}.Debug|Win32.Build.0 = Debug|Win32
		{C0B217EF-184F-4130-9379-0E2EC23830BA}.Release|Win32.ActiveCfg = Release|Win32
		{C0B217EF-184F-4130-9379-0E2EC23830BA}.Release|Win32.Build.0 = Release|Win32
		{DE24F3F4-A5CB-43DE-9187-6F1846CB5A15}.Debug|Win32.ActiveCfg = Debug|Win32
		{DE24F3F4-A5CB-43DE-9187-6F1846CB5A15}.Debug|Win32.Build.0 = Debug|Win32
		{DE24F3F4-A5CB-43DE-9187-6F1846CB5A15}.Release|Win32.ActiveCfg = Release|Win32
		{DE24F3F4-A5CB-43DE-9187-6F1846CB5A15}.Release|Win32.Build.0 = Release|Win32
		{D5EF8211-999C-4FB5-9218-DDCFD51D0611}.Debug|Win32.ActiveCfg = Debug|Win32
		{D5EF8211-999C-4FB5-9218-DDCFD51D0611}.Debug|Win32.Build.0 = Debug|Win32
		{D5EF8211-999C-4FB5-9218-DDCFD51D0611}.Release|Win32.ActiveCfg = Release|Win32
		{D5EF8211-999C-4FB5-9218-DDCFD51D0611}.Release|Win32.Build.0 = Release|Win32
		{45456E09-7986-4697-ACEE-A717148636B1}.Debug|Win32.ActiveCfg = Debug|Win32
		{45456E09-7986-4697-ACEE-A717148636B1}.Debug|Win32.Build.0 = Debug|Win32
		{45456E09-7986-4697-ACEE-A717148636B1}.Release|Win32.ActiveCfg = Release|Win32
		{45456E09-7986-4697-ACEE-A717148636B1}.Release|Win32.Build.0 = Release|Win32
		{F6652EA0-E9D5-4BBF-A31E-650F79163D0B}.Debug|Win32.ActiveCfg = Debug|Win32
		{F6652EA0-E9D5-4BBF-A31E-650F79163D0B}.Debug|Win32.Build.0 = Debug|Win32
		{F6652EA0-E9D5-4BBF-A31E-650F79163D0B}.Release|Win32.ActiveCfg = Release|Win32
		{F6652EA0-E9D5-4BBF-A31E-650F79163D0B}.Release|Win32.Build.0 = Release|Win32
		{FE0F6ED2-5880-4FB8-9C62-917BE97712D5}.Debug|Win32.ActiveCfg = Debug|Win32
		{FE0F6ED2-5880-4FB8-9C62-917BE97712D5}.Debug|Win32.Build.0 = Debug|Win32
		{FE0F6ED2-5880-4FB8-9C62-917BE97712D5}.Release|Win32.ActiveCfg = Release|Win32
		{FE0F6ED2-5880-4FB8-9C62-917BE97712D5}.Release|Win32.Build.0 = Release|Win32
	EndGlobalSection
	GlobalSection(SolutionProperties) = preSolution
		HideSolutionNode = FALSE
	EndGlobalSection
	GlobalSection(NestedProjects) = preSolution
		{B5E41AA2-E7EB-46B5-B647-7444B4C93B06} = {2DB68E23-7E57-4452-ADC2-D04797A03ED2}
		{26DD31E0-875A-44E7-9337-16691F60FC88} = {DCC674BF-DBE1-4698-876C-C6D4A268FBEF}
		{4870CCF9-A246-4981-B22B-A59FE65EC087} = {02B7DD4B-4770-4C31-968F-6FC9778782DC}
		{F7369390-5BAB-418C-823F-09E99AED521D} = {02B7DD4B-4770-4C31-968F-6FC9778782DC}
		{F2178333-ED41-45CE-BC08-122362330563} = {02B7DD4B-4770-4C31-968F-6FC9778782DC}
		{B273E98C-CCA4-49C4-A194-9EE529B800FF} = {02B7DD4B-4770-4C31-968F-6FC9778782DC}
		{9D561956-7962-45B7-9DFE-E3A114534CC7} = {4870CCF9-A246-4981-B22B-A59FE65EC087}
		{84DED881-0E5C-4218-B981-4F9D2E9448CA} = {4870CCF9-A246-4981-B22B-A59FE65EC087}
		{42A0BA98-B199-4CA0-AA59-6EDFF376E193} = {4870CCF9-A246-4981-B22B-A59FE65EC087}
		{5504E4BC-AA75-45F8-A8B4-060CE1B2E3AE} = {4870CCF9-A246-4981-B22B-A59FE65EC087}
		{40FDF4B3-2C70-4213-819A-71ECBCC8CAF1} = {4870CCF9-A246-4981-B22B-A59FE65EC087}
		{8EBC71B4-992B-48C3-BAE0-2B00EB9DE2EB} = {4870CCF9-A246-4981-B22B-A59FE65EC087}
		{76BBAC3B-168E-4C52-9774-818730886537} = {4870CCF9-A246-4981-B22B-A59FE65EC087}
		{0129BDDD-C6EA-42B4-8941-C4D5281643D9} = {4870CCF9-A246-4981-B22B-A59FE65EC087}
		{76B6EFEF-0C29-46C1-BEC8-9378847BBA86} = {4870CCF9-A246-4981-B22B-A59FE65EC087}
		{B1A0942D-9C49-4339-8CD8-A790D3AE573C} = {F7369390-5BAB-418C-823F-09E99AED521D}
		{ADA0E60B-5592-44E3-8822-B392368776CB} = {F7369390-5BAB-418C-823F-09E99AED521D}
		{ADDAC8DC-1E51-42DF-A81A-1775C7DBDF1D} = {F7369390-5BAB-418C-823F-09E99AED521D}
		{45DA3528-D67B-4564-93C0-AE5682AFD5B8} = {F7369390-5BAB-418C-823F-09E99AED521D}
		{1DB7CDAF-62A1-425D-BC66-B7F4600637DA} = {F7369390-5BAB-418C-823F-09E99AED521D}
		{0CAE3F5A-F353-4C9F-BCFE-E63B9E05C046} = {F7369390-5BAB-418C-823F-09E99AED521D}
		{0403656D-FE78-46AE-B7CF-5A42D3B1DDBC} = {F7369390-5BAB-418C-823F-09E99AED521D}
		{98FA4624-86A2-40D5-B225-0ED6B8B05ECA} = {F7369390-5BAB-418C-823F-09E99AED521D}
		{EB6BFFFB-AFD9-4261-A18E-DA5B77C05045} = {F7369390-5BAB-418C-823F-09E99AED521D}
		{328CE2CF-B2C7-4236-9BC7-304FEB8C7282} = {F2178333-ED41-45CE-BC08-122362330563}
		{45456E09-7986-4697-ACEE-A717148636B1} = {F2178333-ED41-45CE-BC08-122362330563}
		{F6E6F8C0-5A0B-45EE-B9E1-DABA41EA222B} = {B273E98C-CCA4-49C4-A194-9EE529B800FF}
		{262CF558-3BF6-4618-8DEE-1D0CB2B86221} = {B273E98C-CCA4-49C4-A194-9EE529B800FF}
		{389AFED9-BBC0-40DA-B404-02B97F12CE17} = {B273E98C-CCA4-49C4-A194-9EE529B800FF}
		{6C336037-08B2-4AA3-A11B-5613753F036D} = {B273E98C-CCA4-49C4-A194-9EE529B800FF}
		{49F868CF-15AA-418C-A63F-76DD6DED477E} = {B273E98C-CCA4-49C4-A194-9EE529B800FF}
		{BA19E78D-4C03-4751-9538-42482BECFBD9} = {B273E98C-CCA4-49C4-A194-9EE529B800FF}
		{55786A73-E53B-4AAA-B59E-E44A972B23B6} = {B273E98C-CCA4-49C4-A194-9EE529B800FF}
		{EC735A75-FB7A-42A5-BB8F-2656EECC3239} = {B273E98C-CCA4-49C4-A194-9EE529B800FF}
		{C0B217EF-184F-4130-9379-0E2EC23830BA} = {B273E98C-CCA4-49C4-A194-9EE529B800FF}
		{DE24F3F4-A5CB-43DE-9187-6F1846CB5A15} = {B5E41AA2-E7EB-46B5-B647-7444B4C93B06}
		{D5EF8211-999C-4FB5-9218-DDCFD51D0611} = {B5E41AA2-E7EB-46B5-B647-7444B4C93B06}
		{FE0F6ED2-5880-4FB8-9C62-917BE97712D5} = {B5E41AA2-E7EB-46B5-B647-7444B4C93B06}
	EndGlobalSection
EndGlobal
