
Microsoft Visual Studio Solution File, Format Version 9.00
# Visual Studio 2005
Project("{FAE04EC0-301F-11D3-BF4B-00C04F79EFBC}") = "EtchTestProj", "binding-csharp\runtime\src\test\csharp\EtchTestProj.csproj", "{3D44C33C-0E5F-443B-A0B4-ABDF16B64AC5}"
EndProject
Project("{FAE04EC0-301F-11D3-BF4B-00C04F79EFBC}") = "EtchProj", "binding-csharp\runtime\src\main\csharp\EtchProj.csproj", "{0E518F2A-3016-4C2F-A21B-9BD52B2DC846}"
EndProject
Project("{FAE04EC0-301F-11D3-BF4B-00C04F79EFBC}") = "PerfListenerProj", "examples\perf\src\main\csharp\PerfListenerProj\PerfListenerProj.csproj", "{4B9CE732-601A-4A74-A1D5-AF78251FEDD2}"
EndProject
Project("{FAE04EC0-301F-11D3-BF4B-00C04F79EFBC}") = "PerfClientProj", "examples\perf\src\main\csharp\PerfClientProj\PerfClientProj.csproj", "{D2AA03D8-1555-4A9B-8618-FF12A15BBB6E}"
EndProject
Project("{FAE04EC0-301F-11D3-BF4B-00C04F79EFBC}") = "DistMapClientProj", "examples\distmap\src\main\csharp\DistMapClientProj\DistMapClientProj.csproj", "{7613961B-FD82-40DB-BF99-EEF50BB20887}"
	ProjectSection(ProjectDependencies) = postProject
		{0E518F2A-3016-4C2F-A21B-9BD52B2DC846} = {0E518F2A-3016-4C2F-A21B-9BD52B2DC846}
	EndProjectSection
EndProject
Project("{FAE04EC0-301F-11D3-BF4B-00C04F79EFBC}") = "DistMapListenerProj", "examples\distmap\src\main\csharp\DistMapListenerProj\DistMapListenerProj.csproj", "{75F8A513-4500-4AC3-8E97-8B7609A8AEA9}"
	ProjectSection(ProjectDependencies) = postProject
		{0E518F2A-3016-4C2F-A21B-9BD52B2DC846} = {0E518F2A-3016-4C2F-A21B-9BD52B2DC846}
	EndProjectSection
EndProject
Project("{FAE04EC0-301F-11D3-BF4B-00C04F79EFBC}") = "ChatClientProj", "examples\chat\src\main\csharp\ChatClientProj\ChatClientProj.csproj", "{13BBC268-2F31-4C68-B62B-3C2CFD0228BE}"
	ProjectSection(ProjectDependencies) = postProject
		{0E518F2A-3016-4C2F-A21B-9BD52B2DC846} = {0E518F2A-3016-4C2F-A21B-9BD52B2DC846}
	EndProjectSection
EndProject
Project("{FAE04EC0-301F-11D3-BF4B-00C04F79EFBC}") = "ChatListenerProj", "examples\chat\src\main\csharp\ChatListenerProj\ChatListenerProj.csproj", "{574C28F9-1D0D-47CB-9F18-221E5128D5A6}"
	ProjectSection(ProjectDependencies) = postProject
		{0E518F2A-3016-4C2F-A21B-9BD52B2DC846} = {0E518F2A-3016-4C2F-A21B-9BD52B2DC846}
	EndProjectSection
EndProject
Project("{FAE04EC0-301F-11D3-BF4B-00C04F79EFBC}") = "ExampleClientProj", "examples\example\src\main\csharp\ExampleClientProj\ExampleClientProj.csproj", "{38953BC0-A834-4939-A25F-8C7F2C7F8758}"
EndProject
Project("{FAE04EC0-301F-11D3-BF4B-00C04F79EFBC}") = "ExampleListenerProj", "examples\example\src\main\csharp\ExampleListenerProj\ExampleListenerProj.csproj", "{7EEA2F47-0D96-4187-B9EF-CA0B9E839841}"
EndProject
Project("{FAE04EC0-301F-11D3-BF4B-00C04F79EFBC}") = "TestsProj", "tests\src\test\csharp\TestsProj\TestsProj.csproj", "{70701740-652A-4E07-9B85-59DDCC9D43D4}"
EndProject
Project("{FAE04EC0-301F-11D3-BF4B-00C04F79EFBC}") = "DistMapTestProj", "examples\distmap\src\test\csharp\DistMapTestProj\DistMapTestProj.csproj", "{39699FEE-D21E-42AC-ADD7-22484A985C27}"
	ProjectSection(ProjectDependencies) = postProject
		{0E518F2A-3016-4C2F-A21B-9BD52B2DC846} = {0E518F2A-3016-4C2F-A21B-9BD52B2DC846}
	EndProjectSection
EndProject
Project("{FAE04EC0-301F-11D3-BF4B-00C04F79EFBC}") = "ExampleTestProj", "examples\example\src\test\csharp\ExampleTestProj\ExampleTestProj.csproj", "{36991AC6-21DE-4F7A-8672-8CFCC8AF70C7}"
	ProjectSection(ProjectDependencies) = postProject
		{0E518F2A-3016-4C2F-A21B-9BD52B2DC846} = {0E518F2A-3016-4C2F-A21B-9BD52B2DC846}
	EndProjectSection
EndProject
Project("{FAE04EC0-301F-11D3-BF4B-00C04F79EFBC}") = "PerfTestProj", "examples\perf\src\test\csharp\PerfTestProj\PerfTestProj.csproj", "{47FDB15C-6DE2-4191-A41C-1993B714B4CD}"
	ProjectSection(ProjectDependencies) = postProject
		{0E518F2A-3016-4C2F-A21B-9BD52B2DC846} = {0E518F2A-3016-4C2F-A21B-9BD52B2DC846}
	EndProjectSection
EndProject
Project("{FAE04EC0-301F-11D3-BF4B-00C04F79EFBC}") = "ChatTestProj", "examples\chat\src\test\csharp\ChatTestProj\ChatTestProj.csproj", "{01A7F0CC-78AB-4CFE-88DB-32AAC6D6C00B}"
	ProjectSection(ProjectDependencies) = postProject
		{0E518F2A-3016-4C2F-A21B-9BD52B2DC846} = {0E518F2A-3016-4C2F-A21B-9BD52B2DC846}
	EndProjectSection
EndProject
Project("{FAE04EC0-301F-11D3-BF4B-00C04F79EFBC}") = "IOTListenerProj", "interoptester\example\src\main\csharp\IOTListenerProj\IOTListenerProj.csproj", "{5EED552A-09C1-42D0-9E0A-7822B0EC3603}"
EndProject
Project("{FAE04EC0-301F-11D3-BF4B-00C04F79EFBC}") = "IOTClientProj", "interoptester\example\src\main\csharp\IOTClientProj\IOTClientProj.csproj", "{14D7A923-0CB4-442A-9499-7F0C25C239EE}"
EndProject
Project("{FAE04EC0-301F-11D3-BF4B-00C04F79EFBC}") = "HelloWorldListenerProj", "examples\helloworld\src\main\csharp\HelloWorldListenerProj\HelloWorldListenerProj.csproj", "{9FD2F8D3-12C5-4C1A-AB14-437559A7E0F8}"
EndProject
Project("{FAE04EC0-301F-11D3-BF4B-00C04F79EFBC}") = "HelloWorldClientProj", "examples\helloworld\src\main\csharp\HelloWorldClientProj\HelloWorldClientProj.csproj", "{615F95F2-A645-4BF1-8367-91756BE89514}"
EndProject
Project("{FAE04EC0-301F-11D3-BF4B-00C04F79EFBC}") = "HelloWorldTestProj", "examples\helloworld\src\test\csharp\HelloWorldTestProj\HelloWorldTestProj.csproj", "{E3676B8F-6BBB-4A7E-A48F-74BBB694F6B2}"
EndProject
Global
	GlobalSection(SolutionConfigurationPlatforms) = preSolution
		Debug|Any CPU = Debug|Any CPU
		Release|Any CPU = Release|Any CPU
	EndGlobalSection
	GlobalSection(ProjectConfigurationPlatforms) = postSolution
		{3D44C33C-0E5F-443B-A0B4-ABDF16B64AC5}.Debug|Any CPU.ActiveCfg = Debug|Any CPU
		{3D44C33C-0E5F-443B-A0B4-ABDF16B64AC5}.Debug|Any CPU.Build.0 = Debug|Any CPU
		{3D44C33C-0E5F-443B-A0B4-ABDF16B64AC5}.Release|Any CPU.ActiveCfg = Release|Any CPU
		{3D44C33C-0E5F-443B-A0B4-ABDF16B64AC5}.Release|Any CPU.Build.0 = Release|Any CPU
		{0E518F2A-3016-4C2F-A21B-9BD52B2DC846}.Debug|Any CPU.ActiveCfg = Debug|Any CPU
		{0E518F2A-3016-4C2F-A21B-9BD52B2DC846}.Debug|Any CPU.Build.0 = Debug|Any CPU
		{0E518F2A-3016-4C2F-A21B-9BD52B2DC846}.Release|Any CPU.ActiveCfg = Release|Any CPU
		{0E518F2A-3016-4C2F-A21B-9BD52B2DC846}.Release|Any CPU.Build.0 = Release|Any CPU
		{4B9CE732-601A-4A74-A1D5-AF78251FEDD2}.Debug|Any CPU.ActiveCfg = Debug|Any CPU
		{4B9CE732-601A-4A74-A1D5-AF78251FEDD2}.Debug|Any CPU.Build.0 = Debug|Any CPU
		{4B9CE732-601A-4A74-A1D5-AF78251FEDD2}.Release|Any CPU.ActiveCfg = Release|Any CPU
		{4B9CE732-601A-4A74-A1D5-AF78251FEDD2}.Release|Any CPU.Build.0 = Release|Any CPU
		{D2AA03D8-1555-4A9B-8618-FF12A15BBB6E}.Debug|Any CPU.ActiveCfg = Debug|Any CPU
		{D2AA03D8-1555-4A9B-8618-FF12A15BBB6E}.Debug|Any CPU.Build.0 = Debug|Any CPU
		{D2AA03D8-1555-4A9B-8618-FF12A15BBB6E}.Release|Any CPU.ActiveCfg = Release|Any CPU
		{D2AA03D8-1555-4A9B-8618-FF12A15BBB6E}.Release|Any CPU.Build.0 = Release|Any CPU
		{7613961B-FD82-40DB-BF99-EEF50BB20887}.Debug|Any CPU.ActiveCfg = Debug|Any CPU
		{7613961B-FD82-40DB-BF99-EEF50BB20887}.Debug|Any CPU.Build.0 = Debug|Any CPU
		{7613961B-FD82-40DB-BF99-EEF50BB20887}.Release|Any CPU.ActiveCfg = Release|Any CPU
		{7613961B-FD82-40DB-BF99-EEF50BB20887}.Release|Any CPU.Build.0 = Release|Any CPU
		{75F8A513-4500-4AC3-8E97-8B7609A8AEA9}.Debug|Any CPU.ActiveCfg = Debug|Any CPU
		{75F8A513-4500-4AC3-8E97-8B7609A8AEA9}.Debug|Any CPU.Build.0 = Debug|Any CPU
		{75F8A513-4500-4AC3-8E97-8B7609A8AEA9}.Release|Any CPU.ActiveCfg = Release|Any CPU
		{75F8A513-4500-4AC3-8E97-8B7609A8AEA9}.Release|Any CPU.Build.0 = Release|Any CPU
		{13BBC268-2F31-4C68-B62B-3C2CFD0228BE}.Debug|Any CPU.ActiveCfg = Debug|Any CPU
		{13BBC268-2F31-4C68-B62B-3C2CFD0228BE}.Debug|Any CPU.Build.0 = Debug|Any CPU
		{13BBC268-2F31-4C68-B62B-3C2CFD0228BE}.Release|Any CPU.ActiveCfg = Release|Any CPU
		{13BBC268-2F31-4C68-B62B-3C2CFD0228BE}.Release|Any CPU.Build.0 = Release|Any CPU
		{574C28F9-1D0D-47CB-9F18-221E5128D5A6}.Debug|Any CPU.ActiveCfg = Debug|Any CPU
		{574C28F9-1D0D-47CB-9F18-221E5128D5A6}.Debug|Any CPU.Build.0 = Debug|Any CPU
		{574C28F9-1D0D-47CB-9F18-221E5128D5A6}.Release|Any CPU.ActiveCfg = Release|Any CPU
		{574C28F9-1D0D-47CB-9F18-221E5128D5A6}.Release|Any CPU.Build.0 = Release|Any CPU
		{38953BC0-A834-4939-A25F-8C7F2C7F8758}.Debug|Any CPU.ActiveCfg = Debug|Any CPU
		{38953BC0-A834-4939-A25F-8C7F2C7F8758}.Debug|Any CPU.Build.0 = Debug|Any CPU
		{38953BC0-A834-4939-A25F-8C7F2C7F8758}.Release|Any CPU.ActiveCfg = Release|Any CPU
		{38953BC0-A834-4939-A25F-8C7F2C7F8758}.Release|Any CPU.Build.0 = Release|Any CPU
		{7EEA2F47-0D96-4187-B9EF-CA0B9E839841}.Debug|Any CPU.ActiveCfg = Debug|Any CPU
		{7EEA2F47-0D96-4187-B9EF-CA0B9E839841}.Debug|Any CPU.Build.0 = Debug|Any CPU
		{7EEA2F47-0D96-4187-B9EF-CA0B9E839841}.Release|Any CPU.ActiveCfg = Release|Any CPU
		{7EEA2F47-0D96-4187-B9EF-CA0B9E839841}.Release|Any CPU.Build.0 = Release|Any CPU
		{70701740-652A-4E07-9B85-59DDCC9D43D4}.Debug|Any CPU.ActiveCfg = Debug|Any CPU
		{70701740-652A-4E07-9B85-59DDCC9D43D4}.Debug|Any CPU.Build.0 = Debug|Any CPU
		{70701740-652A-4E07-9B85-59DDCC9D43D4}.Release|Any CPU.ActiveCfg = Release|Any CPU
		{70701740-652A-4E07-9B85-59DDCC9D43D4}.Release|Any CPU.Build.0 = Release|Any CPU
		{39699FEE-D21E-42AC-ADD7-22484A985C27}.Debug|Any CPU.ActiveCfg = Debug|Any CPU
		{39699FEE-D21E-42AC-ADD7-22484A985C27}.Debug|Any CPU.Build.0 = Debug|Any CPU
		{39699FEE-D21E-42AC-ADD7-22484A985C27}.Release|Any CPU.ActiveCfg = Release|Any CPU
		{39699FEE-D21E-42AC-ADD7-22484A985C27}.Release|Any CPU.Build.0 = Release|Any CPU
		{36991AC6-21DE-4F7A-8672-8CFCC8AF70C7}.Debug|Any CPU.ActiveCfg = Debug|Any CPU
		{36991AC6-21DE-4F7A-8672-8CFCC8AF70C7}.Debug|Any CPU.Build.0 = Debug|Any CPU
		{36991AC6-21DE-4F7A-8672-8CFCC8AF70C7}.Release|Any CPU.ActiveCfg = Release|Any CPU
		{36991AC6-21DE-4F7A-8672-8CFCC8AF70C7}.Release|Any CPU.Build.0 = Release|Any CPU
		{47FDB15C-6DE2-4191-A41C-1993B714B4CD}.Debug|Any CPU.ActiveCfg = Debug|Any CPU
		{47FDB15C-6DE2-4191-A41C-1993B714B4CD}.Debug|Any CPU.Build.0 = Debug|Any CPU
		{47FDB15C-6DE2-4191-A41C-1993B714B4CD}.Release|Any CPU.ActiveCfg = Release|Any CPU
		{47FDB15C-6DE2-4191-A41C-1993B714B4CD}.Release|Any CPU.Build.0 = Release|Any CPU
		{01A7F0CC-78AB-4CFE-88DB-32AAC6D6C00B}.Debug|Any CPU.ActiveCfg = Debug|Any CPU
		{01A7F0CC-78AB-4CFE-88DB-32AAC6D6C00B}.Debug|Any CPU.Build.0 = Debug|Any CPU
		{01A7F0CC-78AB-4CFE-88DB-32AAC6D6C00B}.Release|Any CPU.ActiveCfg = Release|Any CPU
		{01A7F0CC-78AB-4CFE-88DB-32AAC6D6C00B}.Release|Any CPU.Build.0 = Release|Any CPU
		{5EED552A-09C1-42D0-9E0A-7822B0EC3603}.Debug|Any CPU.ActiveCfg = Debug|Any CPU
		{5EED552A-09C1-42D0-9E0A-7822B0EC3603}.Debug|Any CPU.Build.0 = Debug|Any CPU
		{5EED552A-09C1-42D0-9E0A-7822B0EC3603}.Release|Any CPU.ActiveCfg = Release|Any CPU
		{5EED552A-09C1-42D0-9E0A-7822B0EC3603}.Release|Any CPU.Build.0 = Release|Any CPU
		{14D7A923-0CB4-442A-9499-7F0C25C239EE}.Debug|Any CPU.ActiveCfg = Debug|Any CPU
		{14D7A923-0CB4-442A-9499-7F0C25C239EE}.Debug|Any CPU.Build.0 = Debug|Any CPU
		{14D7A923-0CB4-442A-9499-7F0C25C239EE}.Release|Any CPU.ActiveCfg = Release|Any CPU
		{14D7A923-0CB4-442A-9499-7F0C25C239EE}.Release|Any CPU.Build.0 = Release|Any CPU
		{9FD2F8D3-12C5-4C1A-AB14-437559A7E0F8}.Debug|Any CPU.ActiveCfg = Debug|Any CPU
		{9FD2F8D3-12C5-4C1A-AB14-437559A7E0F8}.Debug|Any CPU.Build.0 = Debug|Any CPU
		{9FD2F8D3-12C5-4C1A-AB14-437559A7E0F8}.Release|Any CPU.ActiveCfg = Release|Any CPU
		{9FD2F8D3-12C5-4C1A-AB14-437559A7E0F8}.Release|Any CPU.Build.0 = Release|Any CPU
		{615F95F2-A645-4BF1-8367-91756BE89514}.Debug|Any CPU.ActiveCfg = Debug|Any CPU
		{615F95F2-A645-4BF1-8367-91756BE89514}.Debug|Any CPU.Build.0 = Debug|Any CPU
		{615F95F2-A645-4BF1-8367-91756BE89514}.Release|Any CPU.ActiveCfg = Release|Any CPU
		{615F95F2-A645-4BF1-8367-91756BE89514}.Release|Any CPU.Build.0 = Release|Any CPU
		{E3676B8F-6BBB-4A7E-A48F-74BBB694F6B2}.Debug|Any CPU.ActiveCfg = Debug|Any CPU
		{E3676B8F-6BBB-4A7E-A48F-74BBB694F6B2}.Debug|Any CPU.Build.0 = Debug|Any CPU
		{E3676B8F-6BBB-4A7E-A48F-74BBB694F6B2}.Release|Any CPU.ActiveCfg = Release|Any CPU
		{E3676B8F-6BBB-4A7E-A48F-74BBB694F6B2}.Release|Any CPU.Build.0 = Release|Any CPU
	EndGlobalSection
	GlobalSection(SolutionProperties) = preSolution
		HideSolutionNode = FALSE
	EndGlobalSection
EndGlobal
