
Microsoft Visual Studio Solution File, Format Version 9.00
# Visual Studio 2005
Project("{FAE04EC0-301F-11D3-BF4B-00C04F79EFBC}") = "DistributedHashTable", "DistributedHashTable.csproj", "{248476E1-D83D-49C8-9A55-94A6A18D1D38}"
EndProject
Project("{FAE04EC0-301F-11D3-BF4B-00C04F79EFBC}") = "DistributedHashTable_Client", "DistributedHashTable_Client.csproj", "{69EA6251-22EA-4D84-9D5A-3117905BCFDE}"
EndProject
Global
	GlobalSection(SolutionConfigurationPlatforms) = preSolution
		Debug|Any CPU = Debug|Any CPU
		Release|Any CPU = Release|Any CPU
	EndGlobalSection
	GlobalSection(ProjectConfigurationPlatforms) = postSolution
		{248476E1-D83D-49C8-9A55-94A6A18D1D38}.Debug|Any CPU.ActiveCfg = Debug|Any CPU
		{248476E1-D83D-49C8-9A55-94A6A18D1D38}.Debug|Any CPU.Build.0 = Debug|Any CPU
		{248476E1-D83D-49C8-9A55-94A6A18D1D38}.Release|Any CPU.ActiveCfg = Release|Any CPU
		{248476E1-D83D-49C8-9A55-94A6A18D1D38}.Release|Any CPU.Build.0 = Release|Any CPU
		{69EA6251-22EA-4D84-9D5A-3117905BCFDE}.Debug|Any CPU.ActiveCfg = Debug|Any CPU
		{69EA6251-22EA-4D84-9D5A-3117905BCFDE}.Debug|Any CPU.Build.0 = Debug|Any CPU
		{69EA6251-22EA-4D84-9D5A-3117905BCFDE}.Release|Any CPU.ActiveCfg = Release|Any CPU
		{69EA6251-22EA-4D84-9D5A-3117905BCFDE}.Release|Any CPU.Build.0 = Release|Any CPU
	EndGlobalSection
	GlobalSection(SolutionProperties) = preSolution
		HideSolutionNode = FALSE
	EndGlobalSection
EndGlobal
