
Microsoft Visual Studio Solution File, Format Version 9.00
# Visual Studio 2005
Project("{FAE04EC0-301F-11D3-BF4B-00C04F79EFBC}") = "Chat", "Chat.csproj", "{AA18E17E-E159-4331-80C5-4800854937B2}"
EndProject
Project("{FAE04EC0-301F-11D3-BF4B-00C04F79EFBC}") = "ChatClient", "ChatClient.csproj", "{5F91955A-3E4D-4EF8-9E0F-AE4BB2F3FB5E}"
EndProject
Global
	GlobalSection(SolutionConfigurationPlatforms) = preSolution
		Debug|Any CPU = Debug|Any CPU
		Release|Any CPU = Release|Any CPU
	EndGlobalSection
	GlobalSection(ProjectConfigurationPlatforms) = postSolution
		{AA18E17E-E159-4331-80C5-4800854937B2}.Debug|Any CPU.ActiveCfg = Debug|Any CPU
		{AA18E17E-E159-4331-80C5-4800854937B2}.Debug|Any CPU.Build.0 = Debug|Any CPU
		{AA18E17E-E159-4331-80C5-4800854937B2}.Release|Any CPU.ActiveCfg = Release|Any CPU
		{AA18E17E-E159-4331-80C5-4800854937B2}.Release|Any CPU.Build.0 = Release|Any CPU
		{5F91955A-3E4D-4EF8-9E0F-AE4BB2F3FB5E}.Debug|Any CPU.ActiveCfg = Debug|Any CPU
		{5F91955A-3E4D-4EF8-9E0F-AE4BB2F3FB5E}.Debug|Any CPU.Build.0 = Debug|Any CPU
		{5F91955A-3E4D-4EF8-9E0F-AE4BB2F3FB5E}.Release|Any CPU.ActiveCfg = Release|Any CPU
		{5F91955A-3E4D-4EF8-9E0F-AE4BB2F3FB5E}.Release|Any CPU.Build.0 = Release|Any CPU
	EndGlobalSection
	GlobalSection(SolutionProperties) = preSolution
		HideSolutionNode = FALSE
	EndGlobalSection
EndGlobal
