
Microsoft Visual Studio Solution File, Format Version 9.00
# Visual Studio 2005
Project("{8BC9CEB8-8B4A-11D0-8D11-00A0C91BC942}") = "helloworld", "helloworld.vcproj", "{D660401E-5348-4F6B-B3A0-60FC2287788B}"
EndProject
Global
	GlobalSection(SolutionConfigurationPlatforms) = preSolution
		Debug|Win32 = Debug|Win32
		Release|Win32 = Release|Win32
	EndGlobalSection
	GlobalSection(ProjectConfigurationPlatforms) = postSolution
		{D660401E-5348-4F6B-B3A0-60FC2287788B}.Debug|Win32.ActiveCfg = Debug|Win32
		{D660401E-5348-4F6B-B3A0-60FC2287788B}.Debug|Win32.Build.0 = Debug|Win32
		{D660401E-5348-4F6B-B3A0-60FC2287788B}.Release|Win32.ActiveCfg = Release|Win32
		{D660401E-5348-4F6B-B3A0-60FC2287788B}.Release|Win32.Build.0 = Release|Win32
	EndGlobalSection
	GlobalSection(SolutionProperties) = preSolution
		HideSolutionNode = FALSE
	EndGlobalSection
EndGlobal
