
Microsoft Visual Studio Solution File, Format Version 9.00
# Visual Studio 2005
Project("{FAE04EC0-301F-11D3-BF4B-00C04F79EFBC}") = "benchmark_cs", "benchmark_cs.csproj", "{01F2D64D-ABFC-4863-B61C-07D8EF912994}"
EndProject
Project("{FAE04EC0-301F-11D3-BF4B-00C04F79EFBC}") = "RunPerf", "RunPerf.csproj", "{F18C1D91-83CD-46C2-A857-ABCBB6306676}"
	ProjectSection(ProjectDependencies) = postProject
		{01F2D64D-ABFC-4863-B61C-07D8EF912994} = {01F2D64D-ABFC-4863-B61C-07D8EF912994}
	EndProjectSection
EndProject
Global
	GlobalSection(SolutionConfigurationPlatforms) = preSolution
		Debug|Any CPU = Debug|Any CPU
		Release|Any CPU = Release|Any CPU
	EndGlobalSection
	GlobalSection(ProjectConfigurationPlatforms) = postSolution
		{01F2D64D-ABFC-4863-B61C-07D8EF912994}.Debug|Any CPU.ActiveCfg = Debug|Any CPU
		{01F2D64D-ABFC-4863-B61C-07D8EF912994}.Debug|Any CPU.Build.0 = Debug|Any CPU
		{01F2D64D-ABFC-4863-B61C-07D8EF912994}.Release|Any CPU.ActiveCfg = Release|Any CPU
		{01F2D64D-ABFC-4863-B61C-07D8EF912994}.Release|Any CPU.Build.0 = Release|Any CPU
		{F18C1D91-83CD-46C2-A857-ABCBB6306676}.Debug|Any CPU.ActiveCfg = Debug|Any CPU
		{F18C1D91-83CD-46C2-A857-ABCBB6306676}.Debug|Any CPU.Build.0 = Debug|Any CPU
		{F18C1D91-83CD-46C2-A857-ABCBB6306676}.Release|Any CPU.ActiveCfg = Release|Any CPU
		{F18C1D91-83CD-46C2-A857-ABCBB6306676}.Release|Any CPU.Build.0 = Release|Any CPU
	EndGlobalSection
	GlobalSection(SolutionProperties) = preSolution
		HideSolutionNode = FALSE
	EndGlobalSection
EndGlobal
