
Microsoft Visual Studio Solution File, Format Version 9.00
# Visual Studio 2005
Project("{8BC9CEB8-8B4A-11D0-8D11-00A0C91BC942}") = "etch-c", "src\main\etch-c.vcproj", "{C49054D6-0122-4F20-A0A2-06197D08567B}"
	ProjectSection(WebsiteProperties) = preProject
		Debug.AspNetCompiler.Debug = "True"
		Release.AspNetCompiler.Debug = "False"
	EndProjectSection
	ProjectSection(ProjectDependencies) = postProject
		{CC75FED8-5D1B-4323-B73A-36C41FD1CC66} = {CC75FED8-5D1B-4323-B73A-36C41FD1CC66}
	EndProjectSection
EndProject
Project("{8BC9CEB8-8B4A-11D0-8D11-00A0C91BC942}") = "etch-c-test", "src\test\etch-c-test.vcproj", "{64A36C3F-2BE4-4471-A291-C65BD8A9E6FE}"
	ProjectSection(WebsiteProperties) = preProject
		Debug.AspNetCompiler.Debug = "True"
		Release.AspNetCompiler.Debug = "False"
	EndProjectSection
	ProjectSection(ProjectDependencies) = postProject
		{C49054D6-0122-4F20-A0A2-06197D08567B} = {C49054D6-0122-4F20-A0A2-06197D08567B}
	EndProjectSection
EndProject
Project("{8BC9CEB8-8B4A-11D0-8D11-00A0C91BC942}") = "jenkhash", "src\extern\jenkhash\jenkhash.vcproj", "{CC75FED8-5D1B-4323-B73A-36C41FD1CC66}"
	ProjectSection(WebsiteProperties) = preProject
		Debug.AspNetCompiler.Debug = "True"
		Release.AspNetCompiler.Debug = "False"
	EndProjectSection
EndProject
Global
	GlobalSection(SolutionConfigurationPlatforms) = preSolution
		Debug|Win32 = Debug|Win32
		Debug Static|Win32 = Debug Static|Win32
		Release Static|Win32 = Release Static|Win32
		Release|Win32 = Release|Win32
	EndGlobalSection
	GlobalSection(ProjectConfigurationPlatforms) = postSolution
		{C49054D6-0122-4F20-A0A2-06197D08567B}.Debug Static|Win32.ActiveCfg = Debug Static|Win32
		{C49054D6-0122-4F20-A0A2-06197D08567B}.Debug Static|Win32.Build.0 = Debug Static|Win32
		{C49054D6-0122-4F20-A0A2-06197D08567B}.Debug|Win32.ActiveCfg = Debug|Win32
		{C49054D6-0122-4F20-A0A2-06197D08567B}.Debug|Win32.Build.0 = Debug|Win32
		{C49054D6-0122-4F20-A0A2-06197D08567B}.Release Static|Win32.ActiveCfg = Release Static|Win32
		{C49054D6-0122-4F20-A0A2-06197D08567B}.Release Static|Win32.Build.0 = Release Static|Win32
		{C49054D6-0122-4F20-A0A2-06197D08567B}.Release|Win32.ActiveCfg = Release|Win32
		{C49054D6-0122-4F20-A0A2-06197D08567B}.Release|Win32.Build.0 = Release|Win32
		{64A36C3F-2BE4-4471-A291-C65BD8A9E6FE}.Debug Static|Win32.ActiveCfg = Debug Static|Win32
		{64A36C3F-2BE4-4471-A291-C65BD8A9E6FE}.Debug Static|Win32.Build.0 = Debug Static|Win32
		{64A36C3F-2BE4-4471-A291-C65BD8A9E6FE}.Debug|Win32.ActiveCfg = Debug|Win32
		{64A36C3F-2BE4-4471-A291-C65BD8A9E6FE}.Debug|Win32.Build.0 = Debug|Win32
		{64A36C3F-2BE4-4471-A291-C65BD8A9E6FE}.Release Static|Win32.ActiveCfg = Release Static|Win32
		{64A36C3F-2BE4-4471-A291-C65BD8A9E6FE}.Release Static|Win32.Build.0 = Release Static|Win32
		{64A36C3F-2BE4-4471-A291-C65BD8A9E6FE}.Release|Win32.ActiveCfg = Release|Win32
		{64A36C3F-2BE4-4471-A291-C65BD8A9E6FE}.Release|Win32.Build.0 = Release|Win32
		{CC75FED8-5D1B-4323-B73A-36C41FD1CC66}.Debug Static|Win32.ActiveCfg = Debug Static|Win32
		{CC75FED8-5D1B-4323-B73A-36C41FD1CC66}.Debug Static|Win32.Build.0 = Debug Static|Win32
		{CC75FED8-5D1B-4323-B73A-36C41FD1CC66}.Debug|Win32.ActiveCfg = Debug|Win32
		{CC75FED8-5D1B-4323-B73A-36C41FD1CC66}.Debug|Win32.Build.0 = Debug|Win32
		{CC75FED8-5D1B-4323-B73A-36C41FD1CC66}.Release Static|Win32.ActiveCfg = Release Static|Win32
		{CC75FED8-5D1B-4323-B73A-36C41FD1CC66}.Release Static|Win32.Build.0 = Release Static|Win32
		{CC75FED8-5D1B-4323-B73A-36C41FD1CC66}.Release|Win32.ActiveCfg = Release|Win32
		{CC75FED8-5D1B-4323-B73A-36C41FD1CC66}.Release|Win32.Build.0 = Release|Win32
	EndGlobalSection
	GlobalSection(SolutionProperties) = preSolution
		HideSolutionNode = FALSE
	EndGlobalSection
EndGlobal
