
Microsoft Visual Studio Solution File, Format Version 9.00
# Visual Studio 2005
Project("{8BC9CEB8-8B4A-11D0-8D11-00A0C91BC942}") = "type_test", "type_test.vcproj", "{847DDAD4-2E12-44C8-869D-B1077260C981}"
EndProject
Global
	GlobalSection(SolutionConfigurationPlatforms) = preSolution
		Debug|Win32 = Debug|Win32
		Release|Win32 = Release|Win32
	EndGlobalSection
	GlobalSection(ProjectConfigurationPlatforms) = postSolution
		{847DDAD4-2E12-44C8-869D-B1077260C981}.Debug|Win32.ActiveCfg = Debug|Win32
		{847DDAD4-2E12-44C8-869D-B1077260C981}.Debug|Win32.Build.0 = Debug|Win32
		{847DDAD4-2E12-44C8-869D-B1077260C981}.Release|Win32.ActiveCfg = Release|Win32
		{847DDAD4-2E12-44C8-869D-B1077260C981}.Release|Win32.Build.0 = Release|Win32
	EndGlobalSection
	GlobalSection(SolutionProperties) = preSolution
		HideSolutionNode = FALSE
	EndGlobalSection
EndGlobal
